
Microsoft Visual Studio Solution File, Format Version 12.00
# Visual Studio 15
Project("{FAE04EC0-301F-11D3-BF4B-00C04F79EFBC}") = "XF.GBCarReg.Android", "XF.GBCarReg.Android\XF.GBCarReg.Android.csproj", "{1B857945-9D9C-45A2-B94C-B0CC4C41679A}"
EndProject
Project("{FAE04EC0-301F-11D3-BF4B-00C04F79EFBC}") = "XF.GBCarReg.iOS", "XF.GBCarReg.iOS\XF.GBCarReg.iOS.csproj", "{3AE03304-93FE-416A-B9FC-5FFAB2957049}"
EndProject
Project("{FAE04EC0-301F-11D3-BF4B-00C04F79EFBC}") = "XF.GBCarReg", "XF.GBCarReg\XF.GBCarReg.csproj", "{4E6D27C4-7B46-42A0-A70A-073752D08ABB}"
EndProject
Global
	GlobalSection(SolutionConfigurationPlatforms) = preSolution
		Debug|Any CPU = Debug|Any CPU
		Release|Any CPU = Release|Any CPU
		Debug|iPhoneSimulator = Debug|iPhoneSimulator
		Release|iPhoneSimulator = Release|iPhoneSimulator
		Debug|iPhone = Debug|iPhone
		Release|iPhone = Release|iPhone
	EndGlobalSection
	GlobalSection(ProjectConfigurationPlatforms) = postSolution
		{1B857945-9D9C-45A2-B94C-B0CC4C41679A}.Debug|Any CPU.ActiveCfg = Debug|Any CPU
		{1B857945-9D9C-45A2-B94C-B0CC4C41679A}.Debug|Any CPU.Build.0 = Debug|Any CPU
		{1B857945-9D9C-45A2-B94C-B0CC4C41679A}.Release|Any CPU.ActiveCfg = Release|Any CPU
		{1B857945-9D9C-45A2-B94C-B0CC4C41679A}.Release|Any CPU.Build.0 = Release|Any CPU
		{1B857945-9D9C-45A2-B94C-B0CC4C41679A}.Debug|iPhoneSimulator.ActiveCfg = Debug|Any CPU
		{1B857945-9D9C-45A2-B94C-B0CC4C41679A}.Debug|iPhoneSimulator.Build.0 = Debug|Any CPU
		{1B857945-9D9C-45A2-B94C-B0CC4C41679A}.Release|iPhoneSimulator.ActiveCfg = Release|Any CPU
		{1B857945-9D9C-45A2-B94C-B0CC4C41679A}.Release|iPhoneSimulator.Build.0 = Release|Any CPU
		{1B857945-9D9C-45A2-B94C-B0CC4C41679A}.Debug|iPhone.ActiveCfg = Debug|Any CPU
		{1B857945-9D9C-45A2-B94C-B0CC4C41679A}.Debug|iPhone.Build.0 = Debug|Any CPU
		{1B857945-9D9C-45A2-B94C-B0CC4C41679A}.Release|iPhone.ActiveCfg = Release|Any CPU
		{1B857945-9D9C-45A2-B94C-B0CC4C41679A}.Release|iPhone.Build.0 = Release|Any CPU
		{3AE03304-93FE-416A-B9FC-5FFAB2957049}.Debug|Any CPU.ActiveCfg = Debug|iPhoneSimulator
		{3AE03304-93FE-416A-B9FC-5FFAB2957049}.Debug|Any CPU.Build.0 = Debug|iPhoneSimulator
		{3AE03304-93FE-416A-B9FC-5FFAB2957049}.Release|Any CPU.ActiveCfg = Release|iPhoneSimulator
		{3AE03304-93FE-416A-B9FC-5FFAB2957049}.Release|Any CPU.Build.0 = Release|iPhoneSimulator
		{3AE03304-93FE-416A-B9FC-5FFAB2957049}.Debug|iPhoneSimulator.ActiveCfg = Debug|iPhoneSimulator
		{3AE03304-93FE-416A-B9FC-5FFAB2957049}.Debug|iPhoneSimulator.Build.0 = Debug|iPhoneSimulator
		{3AE03304-93FE-416A-B9FC-5FFAB2957049}.Release|iPhoneSimulator.ActiveCfg = Release|iPhoneSimulator
		{3AE03304-93FE-416A-B9FC-5FFAB2957049}.Release|iPhoneSimulator.Build.0 = Release|iPhoneSimulator
		{3AE03304-93FE-416A-B9FC-5FFAB2957049}.Debug|iPhone.ActiveCfg = Debug|iPhone
		{3AE03304-93FE-416A-B9FC-5FFAB2957049}.Debug|iPhone.Build.0 = Debug|iPhone
		{3AE03304-93FE-416A-B9FC-5FFAB2957049}.Release|iPhone.ActiveCfg = Release|iPhone
		{3AE03304-93FE-416A-B9FC-5FFAB2957049}.Release|iPhone.Build.0 = Release|iPhone
		{4E6D27C4-7B46-42A0-A70A-073752D08ABB}.Debug|Any CPU.ActiveCfg = Debug|Any CPU
		{4E6D27C4-7B46-42A0-A70A-073752D08ABB}.Debug|Any CPU.Build.0 = Debug|Any CPU
		{4E6D27C4-7B46-42A0-A70A-073752D08ABB}.Release|Any CPU.ActiveCfg = Release|Any CPU
		{4E6D27C4-7B46-42A0-A70A-073752D08ABB}.Release|Any CPU.Build.0 = Release|Any CPU
		{4E6D27C4-7B46-42A0-A70A-073752D08ABB}.Debug|iPhoneSimulator.ActiveCfg = Debug|Any CPU
		{4E6D27C4-7B46-42A0-A70A-073752D08ABB}.Debug|iPhoneSimulator.Build.0 = Debug|Any CPU
		{4E6D27C4-7B46-42A0-A70A-073752D08ABB}.Release|iPhoneSimulator.ActiveCfg = Release|Any CPU
		{4E6D27C4-7B46-42A0-A70A-073752D08ABB}.Release|iPhoneSimulator.Build.0 = Release|Any CPU
		{4E6D27C4-7B46-42A0-A70A-073752D08ABB}.Debug|iPhone.ActiveCfg = Debug|Any CPU
		{4E6D27C4-7B46-42A0-A70A-073752D08ABB}.Debug|iPhone.Build.0 = Debug|Any CPU
		{4E6D27C4-7B46-42A0-A70A-073752D08ABB}.Release|iPhone.ActiveCfg = Release|Any CPU
		{4E6D27C4-7B46-42A0-A70A-073752D08ABB}.Release|iPhone.Build.0 = Release|Any CPU
	EndGlobalSection
EndGlobal
